
Microsoft Visual Studio Solution File, Format Version 12.00
# Visual Studio Version 17
VisualStudioVersion = 17.5.002.0
MinimumVisualStudioVersion = 10.0.40219.1
Project("{9A19103F-16F7-4668-BE54-9A1E7A4F7556}") = "university", "university.csproj", "{98D50049-468C-4A10-A371-051BB8EEAAC5}"
EndProject
Global
	GlobalSection(SolutionConfigurationPlatforms) = preSolution
		Debug|Any CPU = Debug|Any CPU
		Release|Any CPU = Release|Any CPU
	EndGlobalSection
	GlobalSection(ProjectConfigurationPlatforms) = postSolution
		{98D50049-468C-4A10-A371-051BB8EEAAC5}.Debug|Any CPU.ActiveCfg = Debug|Any CPU
		{98D50049-468C-4A10-A371-051BB8EEAAC5}.Debug|Any CPU.Build.0 = Debug|Any CPU
		{98D50049-468C-4A10-A371-051BB8EEAAC5}.Release|Any CPU.ActiveCfg = Release|Any CPU
		{98D50049-468C-4A10-A371-051BB8EEAAC5}.Release|Any CPU.Build.0 = Release|Any CPU
	EndGlobalSection
	GlobalSection(SolutionProperties) = preSolution
		HideSolutionNode = FALSE
	EndGlobalSection
	GlobalSection(ExtensibilityGlobals) = postSolution
		SolutionGuid = {265480F6-FE79-4E31-927E-5C82D73D6428}
	EndGlobalSection
EndGlobal
